# generated by rye
# use `rye lock` or `rye sync` to update this lockfile
#
# last locked with the following flags:
#   pre: false
#   features: []
#   all-features: false
#   with-sources: false
#   generate-hashes: false
#   universal: false

-e file:deployments
-e file:fault_injector
-e file:observer
annotated-types==0.7.0
    # via pydantic
bidict==0.23.1
    # via python-socketio
blinker==1.9.0
    # via flask
brotli==1.1.0
    # via geventhttpclient
cachetools==5.5.2
    # via google-auth
certifi==2025.4.26
    # via elastic-transport
    # via geventhttpclient
    # via kubernetes
    # via requests
cfgv==3.4.0
    # via pre-commit
charset-normalizer==3.4.2
    # via requests
click==8.2.1
    # via flask
colorama==0.4.6
    # via deployments
configargparse==1.7.1
    # via locust
    # via locust-cloud
contourpy==1.3.2
    # via matplotlib
cycler==0.12.1
    # via matplotlib
dateparser==1.2.1
    # via prometheus-api-client
distlib==0.3.9
    # via virtualenv
durationpy==0.10
    # via kubernetes
elastic-transport==8.17.1
    # via elasticsearch
elasticsearch==9.0.2
    # via deployments
faker==37.3.0
filelock==3.18.0
    # via virtualenv
flask==3.1.1
    # via flask-cors
    # via flask-login
    # via locust
flask-cors==6.0.1
    # via locust
flask-login==0.6.3
    # via locust
fonttools==4.58.2
    # via matplotlib
gevent==25.5.1
    # via geventhttpclient
    # via locust
    # via locust-cloud
geventhttpclient==2.3.3
    # via locust
google-auth==2.40.3
    # via kubernetes
greenlet==3.2.3
    # via gevent
h11==0.16.0
    # via wsproto
httmock==1.4.0
    # via prometheus-api-client
identify==2.6.12
    # via pre-commit
idna==3.10
    # via requests
iniconfig==2.1.0
    # via pytest
itsdangerous==2.2.0
    # via flask
jinja2==3.1.6
    # via flask
kiwisolver==1.4.8
    # via matplotlib
kubernetes==33.1.0
    # via deployments
    # via observer
locust==2.37.10
locust-cloud==1.23.1
    # via locust
loguru==0.7.3
    # via observer
markdown-it-py==3.0.0
    # via rich
markupsafe==3.0.2
    # via flask
    # via jinja2
    # via werkzeug
matplotlib==3.10.3
    # via prometheus-api-client
mdurl==0.1.2
    # via markdown-it-py
msgpack==1.1.0
    # via locust
nodeenv==1.9.1
    # via pre-commit
numpy==2.3.0
    # via contourpy
    # via matplotlib
    # via pandas
    # via prometheus-api-client
oauthlib==3.2.2
    # via kubernetes
    # via requests-oauthlib
packaging==25.0
    # via matplotlib
    # via pytest
pandas==2.3.0
    # via deployments
    # via observer
    # via prometheus-api-client
pillow==11.2.1
    # via matplotlib
platformdirs==4.3.8
    # via locust-cloud
    # via virtualenv
pluggy==1.6.0
    # via pytest
pre-commit==4.2.0
prometheus-api-client==0.6.0
    # via deployments
prometheus-client==0.22.1
    # via observer
prompt-toolkit==3.0.51
psutil==7.0.0
    # via locust
pyasn1==0.6.1
    # via pyasn1-modules
    # via rsa
pyasn1-modules==0.4.2
    # via google-auth
pydantic==2.11.5
    # via deployments
pydantic-core==2.33.2
    # via pydantic
pygments==2.19.1
    # via pytest
    # via rich
pyparsing==3.2.3
    # via matplotlib
pytest==8.4.0
python-dateutil==2.9.0.post0
    # via dateparser
    # via elasticsearch
    # via kubernetes
    # via matplotlib
    # via pandas
python-engineio==4.12.2
    # via locust-cloud
    # via python-socketio
python-socketio==5.13.0
    # via locust-cloud
pytz==2025.2
    # via dateparser
    # via deployments
    # via observer
    # via pandas
pyyaml==6.0.2
    # via kubernetes
    # via pre-commit
pyzmq==26.4.0
    # via locust
regex==2024.11.6
    # via dateparser
requests==2.32.4
    # via deployments
    # via httmock
    # via kubernetes
    # via locust
    # via observer
    # via prometheus-api-client
    # via python-socketio
    # via requests-oauthlib
requests-oauthlib==2.0.0
    # via kubernetes
rich==14.0.0
    # via deployments
rsa==4.9.1
    # via google-auth
ruff==0.11.13
setuptools==80.9.0
    # via locust
    # via zope-event
    # via zope-interface
simple-websocket==1.1.0
    # via python-engineio
six==1.17.0
    # via kubernetes
    # via python-dateutil
typing-extensions==4.14.0
    # via elasticsearch
    # via pydantic
    # via pydantic-core
    # via typing-inspection
typing-inspection==0.4.1
    # via pydantic
tzdata==2025.2
    # via faker
    # via pandas
tzlocal==5.3.1
    # via dateparser
urllib3==2.4.0
    # via elastic-transport
    # via geventhttpclient
    # via kubernetes
    # via requests
virtualenv==20.31.2
    # via pre-commit
wcwidth==0.2.13
    # via prompt-toolkit
websocket-client==1.8.0
    # via kubernetes
    # via python-socketio
werkzeug==3.1.3
    # via flask
    # via flask-cors
    # via flask-login
    # via locust
wsproto==1.2.0
    # via simple-websocket
zope-event==5.0
    # via gevent
zope-interface==7.2
    # via gevent
