# generated by rye
# use `rye lock` or `rye sync` to update this lockfile
#
# last locked with the following flags:
#   pre: false
#   features: []
#   all-features: false
#   with-sources: false
#   generate-hashes: false
#   universal: false

-e file:anomaly_detections
-e file:deployments
-e file:experiment_controller
-e file:rca_methods
annotated-types==0.7.0
    # via pydantic
anyio==4.9.0
    # via starlette
apache-flink==1.9.3
    # via anomaly-detections
attrs==25.3.0
    # via jsonschema
    # via referencing
bcrypt==4.3.0
    # via paramiko
bidict==0.23.1
    # via python-socketio
blinker==1.9.0
    # via flask
brotli==1.1.0
    # via geventhttpclient
cachetools==5.5.2
    # via google-auth
causal-learn==XXX.XXX.XXX.XXX
    # via rca-methods
causalai @ git+https://github.com/salesforce/causalai.git@e03c9d8e0afcdf8f3b9681f6140051327eaa3a71
    # via rca-methods
ccit==0.4
    # via causalai
certifi==2025.4.26
    # via elastic-transport
    # via geventhttpclient
    # via kubernetes
    # via requests
cffi==1.17.1
    # via cryptography
    # via pynacl
charset-normalizer==3.4.2
    # via requests
click==8.2.1
    # via flask
    # via ray
colorama==0.4.6
    # via deployments
configargparse==1.7.1
    # via locust
    # via locust-cloud
confluent-kafka==2.11.0
    # via anomaly-detections
contourpy==1.3.2
    # via matplotlib
cryptography==45.0.5
    # via paramiko
cycler==0.12.1
    # via matplotlib
dateparser==1.2.1
    # via prometheus-api-client
durationpy==0.10
    # via kubernetes
elastic-transport==8.17.1
    # via elasticsearch
elasticsearch==9.0.2
    # via deployments
faker==37.3.0
fastapi==0.116.1
    # via rca-methods
filelock==3.18.0
    # via ray
    # via torch
flask==3.1.1
    # via causalai
    # via flask-cors
    # via flask-login
    # via locust
flask-cors==6.0.0
    # via causalai
    # via locust
flask-login==0.6.3
    # via locust
fonttools==4.58.2
    # via matplotlib
fsspec==2025.7.0
    # via torch
ges==1.1.1
    # via causalai
gevent==25.5.1
    # via geventhttpclient
    # via locust
    # via locust-cloud
geventhttpclient==2.3.3
    # via locust
google-auth==2.40.3
    # via kubernetes
graphviz==0.21
    # via causal-learn
    # via lingam
greenlet==3.2.3
    # via gevent
h11==0.16.0
    # via wsproto
httmock==1.4.0
    # via prometheus-api-client
idna==3.10
    # via anyio
    # via requests
iniconfig==2.1.0
    # via pytest
itsdangerous==2.2.0
    # via flask
jinja2==3.1.6
    # via flask
    # via torch
joblib==1.5.1
    # via scikit-learn
jsonschema==4.25.0
    # via ray
jsonschema-specifications==2025.4.1
    # via jsonschema
kiwisolver==1.4.8
    # via matplotlib
kubernetes==33.1.0
    # via deployments
lingam==1.5.5
    # via causalai
locust==2.37.10
locust-cloud==1.23.1
    # via locust
loguru==0.7.3
    # via rca-methods
markdown==3.8.2
    # via ccit
markdown-it-py==3.0.0
    # via rich
markupsafe==3.0.2
    # via flask
    # via jinja2
    # via werkzeug
matplotlib==3.10.3
    # via anomaly-detections
    # via causal-learn
    # via causalai
    # via ccit
    # via prometheus-api-client
mdurl==0.1.2
    # via markdown-it-py
momentchi2==0.1.8
    # via causal-learn
mpmath==1.3.0
    # via sympy
msgpack==1.1.0
    # via locust
    # via ray
networkx==3.5
    # via causal-learn
    # via causalai
    # via torch
numpy==2.3.0
    # via anomaly-detections
    # via causal-learn
    # via causalai
    # via ccit
    # via contourpy
    # via ges
    # via lingam
    # via matplotlib
    # via momentchi2
    # via pandas
    # via patsy
    # via prometheus-api-client
    # via scikit-learn
    # via scikit-network
    # via scipy
    # via statsmodels
    # via xgboost
nvidia-cublas-cu12==XXX.XXX.XXX.XXX
    # via nvidia-cudnn-cu12
    # via nvidia-cusolver-cu12
    # via torch
nvidia-cuda-cupti-cu12==12.6.80
    # via torch
nvidia-cuda-nvrtc-cu12==12.6.77
    # via torch
nvidia-cuda-runtime-cu12==12.6.77
    # via torch
nvidia-cudnn-cu12==XXX.XXX.XXX.XXX
    # via torch
nvidia-cufft-cu12==XXX.XXX.XXX.XXX
    # via torch
nvidia-cufile-cu12==XXX.XXX.XXX.XXX
    # via torch
nvidia-curand-cu12==XXX.XXX.XXX.XXX
    # via torch
nvidia-cusolver-cu12==XXX.XXX.XXX.XXX
    # via torch
nvidia-cusparse-cu12==XXX.XXX.XXX.XXX
    # via nvidia-cusolver-cu12
    # via torch
nvidia-cusparselt-cu12==0.6.3
    # via torch
nvidia-nccl-cu12==2.26.2
    # via torch
    # via xgboost
nvidia-nvjitlink-cu12==12.6.85
    # via nvidia-cufft-cu12
    # via nvidia-cusolver-cu12
    # via nvidia-cusparse-cu12
    # via torch
nvidia-nvtx-cu12==12.6.77
    # via torch
oauthlib==3.2.2
    # via kubernetes
    # via requests-oauthlib
packaging==25.0
    # via matplotlib
    # via pytest
    # via ray
    # via statsmodels
pandas==2.3.0
    # via anomaly-detections
    # via causal-learn
    # via ccit
    # via deployments
    # via prometheus-api-client
    # via rca-methods
    # via statsmodels
paramiko==3.5.1
    # via experiment-controller
patsy==1.0.1
    # via statsmodels
pillow==11.2.1
    # via matplotlib
platformdirs==4.3.8
    # via locust-cloud
pluggy==1.6.0
    # via pytest
prometheus-api-client==0.6.0
    # via deployments
prometheus-client==0.22.1
    # via rca-methods
prompt-toolkit==3.0.51
protobuf==6.31.1
    # via ray
psutil==7.0.0
    # via locust
    # via rca-methods
py4j==XXX.XXX.XXX.XXX
    # via apache-flink
pyasn1==0.6.1
    # via pyasn1-modules
    # via rsa
pyasn1-modules==0.4.2
    # via google-auth
pycparser==2.22
    # via cffi
pydantic==2.11.7
    # via deployments
    # via experiment-controller
    # via fastapi
pydantic-core==2.33.2
    # via pydantic
pydot==4.0.1
    # via causal-learn
pygments==2.19.1
    # via pytest
    # via rich
pynacl==1.5.0
    # via paramiko
pyparsing==3.2.3
    # via matplotlib
    # via pydot
pytest==8.4.0
python-dateutil==2.9.0.post0
    # via apache-flink
    # via dateparser
    # via elasticsearch
    # via kubernetes
    # via matplotlib
    # via pandas
python-engineio==4.12.2
    # via locust-cloud
    # via python-socketio
python-socketio==5.13.0
    # via locust-cloud
pytz==2025.2
    # via dateparser
    # via deployments
    # via pandas
pyyaml==6.0.2
    # via experiment-controller
    # via kubernetes
    # via ray
pyzmq==26.4.0
    # via locust
ray==2.48.0
    # via causalai
referencing==0.36.2
    # via jsonschema
    # via jsonschema-specifications
regex==2024.11.6
    # via dateparser
requests==2.32.4
    # via deployments
    # via httmock
    # via kubernetes
    # via locust
    # via prometheus-api-client
    # via python-socketio
    # via ray
    # via rca-methods
    # via requests-oauthlib
requests-oauthlib==2.0.0
    # via kubernetes
rich==14.0.0
    # via deployments
rpds-py==0.26.0
    # via jsonschema
    # via referencing
rsa==4.9.1
    # via google-auth
scikit-learn==1.7.1
    # via causal-learn
    # via causalai
    # via ccit
    # via lingam
scikit-network==0.33.3
    # via rca-methods
scipy==1.16.0
    # via anomaly-detections
    # via causal-learn
    # via causalai
    # via ccit
    # via lingam
    # via momentchi2
    # via scikit-learn
    # via scikit-network
    # via statsmodels
    # via xgboost
setuptools==80.9.0
    # via locust
    # via torch
    # via triton
    # via zope-event
    # via zope-interface
simple-websocket==1.1.0
    # via python-engineio
six==1.17.0
    # via kubernetes
    # via python-dateutil
sniffio==1.3.1
    # via anyio
starlette==0.47.2
    # via fastapi
statsmodels==0.14.5
    # via causal-learn
    # via lingam
sympy==1.14.0
    # via torch
tabulate==0.9.0
    # via anomaly-detections
threadpoolctl==3.6.0
    # via scikit-learn
torch==2.7.1
    # via rca-methods
tqdm==4.67.1
    # via causal-learn
triton==3.3.1
    # via torch
typing-extensions==4.14.0
    # via anyio
    # via elasticsearch
    # via fastapi
    # via pydantic
    # via pydantic-core
    # via referencing
    # via starlette
    # via torch
    # via typing-inspection
typing-inspection==0.4.1
    # via pydantic
tzdata==2025.2
    # via faker
    # via pandas
tzlocal==5.3.1
    # via dateparser
urllib3==2.4.0
    # via elastic-transport
    # via geventhttpclient
    # via kubernetes
    # via requests
wcwidth==0.2.13
    # via prompt-toolkit
websocket-client==1.8.0
    # via kubernetes
    # via python-socketio
werkzeug==3.1.3
    # via flask
    # via flask-cors
    # via flask-login
    # via locust
wsproto==1.2.0
    # via simple-websocket
xgboost==3.0.2
    # via ccit
zope-event==5.0
    # via gevent
zope-interface==7.2
    # via gevent
