# generated by rye
# use `rye lock` or `rye sync` to update this lockfile
#
# last locked with the following flags:
#   pre: false
#   features: []
#   all-features: false
#   with-sources: false
#   generate-hashes: false
#   universal: false

-e file:src/deployments
-e file:src/rca_methods
aiosignal==1.3.2
    # via ray
annotated-types==0.7.0
    # via pydantic
attrs==25.1.0
    # via jsonschema
    # via referencing
blinker==1.9.0
    # via flask
cachetools==5.5.2
    # via google-auth
causal-learn==XXX.XXX.XXX.XXX
    # via rca-methods
causalai @ git+https://github.com/salesforce/causalai.git@8fa89a9a287ffdf5a56ce3ae02dedd23cb59f64f
    # via rca-methods
ccit==0.4
    # via causalai
certifi==2025.1.31
    # via elastic-transport
    # via kubernetes
    # via requests
charset-normalizer==3.4.1
    # via requests
click==8.1.8
    # via flask
    # via ray
colorama==0.4.6
    # via deployments
contourpy==1.3.1
    # via matplotlib
cycler==0.12.1
    # via matplotlib
dateparser==1.2.1
    # via prometheus-api-client
durationpy==0.9
    # via kubernetes
elastic-transport==8.17.1
    # via elasticsearch
elasticsearch==8.17.2
    # via deployments
filelock==3.17.0
    # via ray
    # via torch
flask==3.1.0
    # via causalai
    # via flask-cors
flask-cors==5.0.1
    # via causalai
fonttools==4.56.0
    # via matplotlib
frozenlist==1.5.0
    # via aiosignal
    # via ray
fsspec==2025.2.0
    # via torch
ges==1.1.0
    # via causalai
google-auth==2.38.0
    # via kubernetes
graphviz==0.20.3
    # via causal-learn
    # via lingam
httmock==1.4.0
    # via prometheus-api-client
idna==3.10
    # via requests
itsdangerous==2.2.0
    # via flask
jinja2==3.1.5
    # via flask
    # via torch
joblib==1.4.2
    # via scikit-learn
jsonschema==4.23.0
    # via ray
jsonschema-specifications==2024.10.1
    # via jsonschema
kiwisolver==1.4.8
    # via matplotlib
kubernetes==32.0.1
    # via deployments
lingam==1.5.5
    # via causalai
loguru==0.7.3
markdown==3.7
    # via ccit
markdown-it-py==3.0.0
    # via rich
markupsafe==3.0.2
    # via jinja2
    # via werkzeug
matplotlib==3.10.1
    # via causal-learn
    # via causalai
    # via ccit
    # via prometheus-api-client
mdurl==0.1.2
    # via markdown-it-py
momentchi2==0.1.8
    # via causal-learn
mpmath==1.3.0
    # via sympy
msgpack==1.1.0
    # via ray
networkx==3.4.2
    # via causal-learn
    # via causalai
    # via torch
numpy==2.2.3
    # via causal-learn
    # via causalai
    # via ccit
    # via contourpy
    # via ges
    # via lingam
    # via matplotlib
    # via momentchi2
    # via pandas
    # via patsy
    # via prometheus-api-client
    # via scikit-learn
    # via scikit-network
    # via scipy
    # via statsmodels
    # via xgboost
nvidia-cublas-cu12==XXX.XXX.XXX.XXX
    # via nvidia-cudnn-cu12
    # via nvidia-cusolver-cu12
    # via torch
nvidia-cuda-cupti-cu12==12.4.127
    # via torch
nvidia-cuda-nvrtc-cu12==12.4.127
    # via torch
nvidia-cuda-runtime-cu12==12.4.127
    # via torch
nvidia-cudnn-cu12==XXX.XXX.XXX.XXX
    # via torch
nvidia-cufft-cu12==XXX.XXX.XXX.XXX
    # via torch
nvidia-curand-cu12==XXX.XXX.XXX.XXX
    # via torch
nvidia-cusolver-cu12==XXX.XXX.XXX.XXX
    # via torch
nvidia-cusparse-cu12==XXX.XXX.XXX.XXX
    # via nvidia-cusolver-cu12
    # via torch
nvidia-cusparselt-cu12==0.6.2
    # via torch
nvidia-nccl-cu12==2.21.5
    # via torch
    # via xgboost
nvidia-nvjitlink-cu12==12.4.127
    # via nvidia-cusolver-cu12
    # via nvidia-cusparse-cu12
    # via torch
nvidia-nvtx-cu12==12.4.127
    # via torch
oauthlib==3.2.2
    # via kubernetes
    # via requests-oauthlib
packaging==24.2
    # via matplotlib
    # via ray
    # via statsmodels
pandas==2.2.3
    # via causal-learn
    # via ccit
    # via deployments
    # via prometheus-api-client
    # via statsmodels
patsy==1.0.1
    # via statsmodels
pillow==11.1.0
    # via matplotlib
prometheus-api-client==0.5.7
    # via deployments
prompt-toolkit==3.0.51
protobuf==5.29.3
    # via ray
pyasn1==0.6.1
    # via pyasn1-modules
    # via rsa
pyasn1-modules==0.4.2
    # via google-auth
pydantic==2.11.3
    # via deployments
pydantic-core==2.33.1
    # via pydantic
pydot==3.0.4
    # via causal-learn
pygments==2.19.1
    # via rich
pyparsing==3.2.1
    # via matplotlib
    # via pydot
python-dateutil==2.9.0.post0
    # via dateparser
    # via kubernetes
    # via matplotlib
    # via pandas
pytz==2025.2
    # via dateparser
    # via deployments
    # via pandas
pyyaml==6.0.2
    # via kubernetes
    # via ray
ray==2.43.0
    # via causalai
referencing==0.36.2
    # via jsonschema
    # via jsonschema-specifications
regex==2024.11.6
    # via dateparser
requests==2.32.3
    # via deployments
    # via httmock
    # via kubernetes
    # via prometheus-api-client
    # via ray
    # via requests-oauthlib
requests-oauthlib==2.0.0
    # via kubernetes
rich==14.0.0
    # via deployments
rpds-py==0.23.1
    # via jsonschema
    # via referencing
rsa==4.9
    # via google-auth
scikit-learn==1.6.1
    # via causal-learn
    # via causalai
    # via ccit
    # via lingam
scikit-network==0.33.1
    # via rca-methods
scipy==1.15.2
    # via causal-learn
    # via causalai
    # via ccit
    # via lingam
    # via momentchi2
    # via scikit-learn
    # via scikit-network
    # via statsmodels
    # via xgboost
setuptools==75.8.2
    # via torch
six==1.17.0
    # via kubernetes
    # via python-dateutil
statsmodels==0.14.4
    # via causal-learn
    # via lingam
sympy==1.13.1
    # via torch
threadpoolctl==3.5.0
    # via scikit-learn
torch==2.6.0
    # via rca-methods
tqdm==4.67.1
    # via causal-learn
triton==3.2.0
    # via torch
typing-extensions==4.12.2
    # via pydantic
    # via pydantic-core
    # via referencing
    # via torch
    # via typing-inspection
typing-inspection==0.4.0
    # via pydantic
tzdata==2025.1
    # via pandas
tzlocal==5.3.1
    # via dateparser
urllib3==2.3.0
    # via elastic-transport
    # via kubernetes
    # via requests
wcwidth==0.2.13
    # via prompt-toolkit
websocket-client==1.8.0
    # via kubernetes
werkzeug==3.1.3
    # via flask
    # via flask-cors
xgboost==2.1.4
    # via ccit
