# generated by rye
# use `rye lock` or `rye sync` to update this lockfile
#
# last locked with the following flags:
#   pre: false
#   features: []
#   all-features: false
#   with-sources: false
#   generate-hashes: false
#   universal: false

-e file:.
apache-flink==1.9.3
    # via anomaly-detections
confluent-kafka==2.11.0
    # via anomaly-detections
contourpy==1.3.2
    # via matplotlib
cycler==0.12.1
    # via matplotlib
fonttools==4.58.4
    # via matplotlib
iniconfig==2.1.0
    # via pytest
kiwisolver==1.4.8
    # via matplotlib
matplotlib==3.10.3
    # via anomaly-detections
numpy==2.1.3
    # via anomaly-detections
    # via contourpy
    # via matplotlib
    # via pandas
    # via scipy
packaging==25.0
    # via matplotlib
    # via pytest
pandas==2.3.0
    # via anomaly-detections
pillow==11.2.1
    # via matplotlib
pluggy==1.6.0
    # via pytest
py4j==XXX.XXX.XXX.XXX
    # via apache-flink
pygments==2.19.2
    # via pytest
pyparsing==3.2.3
    # via matplotlib
pytest==8.4.1
python-dateutil==2.9.0.post0
    # via apache-flink
    # via matplotlib
    # via pandas
pytz==2025.2
    # via pandas
scipy==1.16.0
    # via anomaly-detections
six==1.17.0
    # via python-dateutil
tabulate==0.9.0
    # via anomaly-detections
tzdata==2025.2
    # via pandas
